{
  "version": 4,
  "terraform_version": "1.15.5",
  "serial": 101,
  "lineage": "30feb6d8-6f29-f6ce-c2a0-7856259968c7",
  "outputs": {
    "bucket_arn": {
      "value": "arn:aws:s3:::static-hosting-bucket-06-37-16-06-2026",
      "type": "string"
    },
    "bucket_domain_name": {
      "value": "static-hosting-bucket-06-37-16-06-2026.s3.amazonaws.com",
      "type": "string"
    },
    "bucket_name": {
      "value": "static-hosting-bucket-06-37-16-06-2026",
      "type": "string"
    },
    "cloudfront_distribution_id": {
      "value": "E1FHRLGHZHXJCZ",
      "type": "string"
    },
    "cloudfront_domain_name": {
      "value": "d3jyf8du4f0e3n.cloudfront.net",
      "type": "string"
    },
    "deployment_instructions": {
      "value": "============================================\n🚀 DEPLOYMENT INSTRUCTIONS\n============================================\n    \n1️⃣ Add these secrets to your GitHub repository:\n   Settings → Secrets and Variables → Actions\n    \n   🔐 AWS_DEPLOY_ROLE_ARN = arn:aws:iam::744043382059:role/github-actions-deploy-static-hosting-bucket-06-37-16-06-2026\n   📦 S3_BUCKET_NAME      = static-hosting-bucket-06-37-16-06-2026\n   🌐 CLOUDFRONT_DISTRIBUTION_ID = E1FHRLGHZHXJCZ\n   🌍 CLOUDFRONT_DOMAIN_NAME = d3jyf8du4f0e3n.cloudfront.net\n    \n2️⃣ Your website is available at:\n   🌍 https://d3jyf8du4f0e3n.cloudfront.net\n    \n3️⃣ To deploy, push to main branch:\n   git add .\n   git commit -m \"Deploy website\"\n   git push origin main\n    \n4️⃣ To view outputs anytime:\n   terraform output\n    \n============================================\n",
      "type": "string"
    },
    "github_actions_role_arn": {
      "value": "arn:aws:iam::744043382059:role/github-actions-deploy-static-hosting-bucket-06-37-16-06-2026",
      "type": "string"
    },
    "github_oidc_provider_arn": {
      "value": "arn:aws:iam::744043382059:oidc-provider/token.actions.githubusercontent.com",
      "type": "string"
    },
    "versioning_status": {
      "value": "Enabled",
      "type": "string"
    },
    "website_url": {
      "value": "https://d3jyf8du4f0e3n.cloudfront.net",
      "type": "string"
    }
  },
  "resources": [
    {
      "mode": "data",
      "type": "aws_cloudfront_cache_policy",
      "name": "caching_optimized",
      "provider": "provider[\"registry.terraform.io/hashicorp/aws\"]",
      "instances": [
        {
          "schema_version": 0,
          "attributes": {
            "arn": "arn:aws:cloudfront::744043382059:cache-policy/658327ea-f89d-4fab-a63d-7e88639e58f6",
            "comment": "Policy with caching enabled. Supports Gzip and Brotli compression.",
            "default_ttl": 86400,
            "etag": "E23ZP02F085DFQ",
            "id": "658327ea-f89d-4fab-a63d-7e88639e58f6",
            "max_ttl": 31536000,
            "min_ttl": 1,
            "name": "Managed-CachingOptimized",
            "parameters_in_cache_key_and_forwarded_to_origin": [
              {
                "cookies_config": [
                  {
                    "cookie_behavior": "none",
                    "cookies": []
                  }
                ],
                "enable_accept_encoding_brotli": true,
                "enable_accept_encoding_gzip": true,
                "headers_config": [
                  {
                    "header_behavior": "none",
                    "headers": []
                  }
                ],
                "query_strings_config": [
                  {
                    "query_string_behavior": "none",
                    "query_strings": []
                  }
                ]
              }
            ]
          },
          "sensitive_attributes": [],
          "identity_schema_version": 0
        }
      ]
    },
    {
      "mode": "data",
      "type": "aws_iam_policy_document",
      "name": "bucket_policy",
      "provider": "provider[\"registry.terraform.io/hashicorp/aws\"]",
      "instances": [
        {
          "schema_version": 0,
          "attributes": {
            "id": "539494290",
            "json": "{\n  \"Version\": \"2012-10-17\",\n  \"Statement\": [\n    {\n      \"Sid\": \"AllowCloudFrontServicePrincipal\",\n      \"Effect\": \"Allow\",\n      \"Action\": \"s3:GetObject\",\n      \"Resource\": \"arn:aws:s3:::static-hosting-bucket-06-37-16-06-2026/*\",\n      \"Principal\": {\n        \"Service\": \"cloudfront.amazonaws.com\"\n      },\n      \"Condition\": {\n        \"StringEquals\": {\n          \"AWS:SourceArn\": \"arn:aws:cloudfront::744043382059:distribution/E1FHRLGHZHXJCZ\"\n        }\n      }\n    }\n  ]\n}",
            "minified_json": "{\"Version\":\"2012-10-17\",\"Statement\":[{\"Sid\":\"AllowCloudFrontServicePrincipal\",\"Effect\":\"Allow\",\"Action\":\"s3:GetObject\",\"Resource\":\"arn:aws:s3:::static-hosting-bucket-06-37-16-06-2026/*\",\"Principal\":{\"Service\":\"cloudfront.amazonaws.com\"},\"Condition\":{\"StringEquals\":{\"AWS:SourceArn\":\"arn:aws:cloudfront::744043382059:distribution/E1FHRLGHZHXJCZ\"}}}]}",
            "override_json": null,
            "override_policy_documents": null,
            "policy_id": null,
            "source_json": null,
            "source_policy_documents": null,
            "statement": [
              {
                "actions": [
                  "s3:GetObject"
                ],
                "condition": [
                  {
                    "test": "StringEquals",
                    "values": [
                      "arn:aws:cloudfront::744043382059:distribution/E1FHRLGHZHXJCZ"
                    ],
                    "variable": "AWS:SourceArn"
                  }
                ],
                "effect": "Allow",
                "not_actions": [],
                "not_principals": [],
                "not_resources": [],
                "principals": [
                  {
                    "identifiers": [
                      "cloudfront.amazonaws.com"
                    ],
                    "type": "Service"
                  }
                ],
                "resources": [
                  "arn:aws:s3:::static-hosting-bucket-06-37-16-06-2026/*"
                ],
                "sid": "AllowCloudFrontServicePrincipal"
              }
            ],
            "version": "2012-10-17"
          },
          "sensitive_attributes": [],
          "identity_schema_version": 0
        }
      ]
    },
    {
      "mode": "managed",
      "type": "aws_cloudfront_distribution",
      "name": "cdn",
      "provider": "provider[\"registry.terraform.io/hashicorp/aws\"]",
      "instances": [
        {
          "schema_version": 1,
          "attributes": {
            "aliases": null,
            "arn": "arn:aws:cloudfront::744043382059:distribution/E1FHRLGHZHXJCZ",
            "caller_reference": "terraform-20260617044520997000000001",
            "comment": "Static site distribution for static-hosting-bucket-06-37-16-06-2026",
            "continuous_deployment_policy_id": "",
            "custom_error_response": [
              {
                "error_caching_min_ttl": 10,
                "error_code": 403,
                "response_code": 200,
                "response_page_path": "/index.html"
              },
              {
                "error_caching_min_ttl": 10,
                "error_code": 404,
                "response_code": 200,
                "response_page_path": "/index.html"
              }
            ],
            "default_cache_behavior": [
              {
                "allowed_methods": [
                  "GET",
                  "HEAD"
                ],
                "cache_policy_id": "658327ea-f89d-4fab-a63d-7e88639e58f6",
                "cached_methods": [
                  "GET",
                  "HEAD"
                ],
                "compress": true,
                "default_ttl": 0,
                "field_level_encryption_id": "",
                "forwarded_values": [],
                "function_association": [],
                "grpc_config": [
                  {
                    "enabled": false
                  }
                ],
                "lambda_function_association": [],
                "max_ttl": 0,
                "min_ttl": 0,
                "origin_request_policy_id": "",
                "realtime_log_config_arn": "",
                "response_headers_policy_id": "",
                "smooth_streaming": false,
                "target_origin_id": "s3-static-hosting-bucket-06-37-16-06-2026",
                "trusted_key_groups": [],
                "trusted_signers": [],
                "viewer_protocol_policy": "redirect-to-https"
              }
            ],
            "default_root_object": "index.html",
            "domain_name": "d3jyf8du4f0e3n.cloudfront.net",
            "enabled": true,
            "etag": "E23ZP02F085DFQ",
            "hosted_zone_id": "Z2FDTNDATAQYW2",
            "http_version": "http2",
            "id": "E1FHRLGHZHXJCZ",
            "in_progress_validation_batches": 0,
            "is_ipv6_enabled": false,
            "last_modified_time": "2026-06-17 04:45:11.696 +0000 UTC",
            "logging_config": [],
            "ordered_cache_behavior": [],
            "origin": [
              {
                "connection_attempts": 3,
                "connection_timeout": 10,
                "custom_header": [],
                "custom_origin_config": [],
                "domain_name": "static-hosting-bucket-06-37-16-06-2026.s3.ap-south-1.amazonaws.com",
                "origin_access_control_id": "E1R3ULYQGSJHUX",
                "origin_id": "s3-static-hosting-bucket-06-37-16-06-2026",
                "origin_path": "",
                "origin_shield": [],
                "s3_origin_config": [],
                "vpc_origin_config": []
              }
            ],
            "origin_group": [],
            "price_class": "PriceClass_100",
            "restrictions": [
              {
                "geo_restriction": [
                  {
                    "locations": [],
                    "restriction_type": "none"
                  }
                ]
              }
            ],
            "retain_on_delete": false,
            "staging": false,
            "status": "Deployed",
            "tags": {
              "Environment": "production",
              "Name": "static-hosting-bucket-06-37-16-06-2026",
              "Project": "static-site-s3-cloudfront"
            },
            "tags_all": {
              "Environment": "production",
              "Name": "static-hosting-bucket-06-37-16-06-2026",
              "Project": "static-site-s3-cloudfront"
            },
            "trusted_key_groups": [
              {
                "enabled": false,
                "items": []
              }
            ],
            "trusted_signers": [
              {
                "enabled": false,
                "items": []
              }
            ],
            "viewer_certificate": [
              {
                "acm_certificate_arn": "",
                "cloudfront_default_certificate": true,
                "iam_certificate_id": "",
                "minimum_protocol_version": "TLSv1",
                "ssl_support_method": ""
              }
            ],
            "wait_for_deployment": true,
            "web_acl_id": ""
          },
          "sensitive_attributes": [],
          "identity_schema_version": 0,
          "private": "eyJzY2hlbWFfdmVyc2lvbiI6IjEifQ==",
          "dependencies": [
            "aws_cloudfront_origin_access_control.oac",
            "aws_s3_bucket.website",
            "data.aws_cloudfront_cache_policy.caching_optimized"
          ]
        }
      ]
    },
    {
      "mode": "managed",
      "type": "aws_cloudfront_origin_access_control",
      "name": "oac",
      "provider": "provider[\"registry.terraform.io/hashicorp/aws\"]",
      "instances": [
        {
          "schema_version": 0,
          "attributes": {
            "arn": "arn:aws:cloudfront::744043382059:origin-access-control/E1R3ULYQGSJHUX",
            "description": "OAC for static-hosting-bucket-06-37-16-06-2026",
            "etag": "ETVPDKIKX0DER",
            "id": "E1R3ULYQGSJHUX",
            "name": "static-hosting-bucket-06-37-16-06-2026-oac",
            "origin_access_control_origin_type": "s3",
            "signing_behavior": "always",
            "signing_protocol": "sigv4"
          },
          "sensitive_attributes": [],
          "identity_schema_version": 0,
          "private": "bnVsbA=="
        }
      ]
    },
    {
      "mode": "managed",
      "type": "aws_iam_openid_connect_provider",
      "name": "github",
      "provider": "provider[\"registry.terraform.io/hashicorp/aws\"]",
      "instances": [
        {
          "schema_version": 0,
          "attributes": {
            "arn": "arn:aws:iam::744043382059:oidc-provider/token.actions.githubusercontent.com",
            "client_id_list": [
              "sts.amazonaws.com"
            ],
            "id": "arn:aws:iam::744043382059:oidc-provider/token.actions.githubusercontent.com",
            "tags": {
              "Environment": "production",
              "ManagedBy": "Terraform",
              "Name": "github-oidc-provider"
            },
            "tags_all": {
              "Environment": "production",
              "ManagedBy": "Terraform",
              "Name": "github-oidc-provider"
            },
            "thumbprint_list": [
              "6938fd4d98bab03faadb97b34396831e3780aea1"
            ],
            "url": "token.actions.githubusercontent.com"
          },
          "sensitive_attributes": [],
          "identity_schema_version": 0,
          "private": "bnVsbA=="
        }
      ]
    },
    {
      "mode": "managed",
      "type": "aws_iam_policy",
      "name": "deploy",
      "provider": "provider[\"registry.terraform.io/hashicorp/aws\"]",
      "instances": [
        {
          "schema_version": 0,
          "attributes": {
            "arn": "arn:aws:iam::744043382059:policy/s3-cf-deploy-static-hosting-bucket-06-37-16-06-2026",
            "attachment_count": 0,
            "description": "",
            "id": "arn:aws:iam::744043382059:policy/s3-cf-deploy-static-hosting-bucket-06-37-16-06-2026",
            "name": "s3-cf-deploy-static-hosting-bucket-06-37-16-06-2026",
            "name_prefix": "",
            "path": "/",
            "policy": "{\"Statement\":[{\"Action\":[\"s3:GetObject\",\"s3:PutObject\",\"s3:DeleteObject\",\"s3:ListBucket\"],\"Effect\":\"Allow\",\"Resource\":[\"arn:aws:s3:::static-hosting-bucket-06-37-16-06-2026\",\"arn:aws:s3:::static-hosting-bucket-06-37-16-06-2026/*\"]},{\"Action\":\"cloudfront:CreateInvalidation\",\"Effect\":\"Allow\",\"Resource\":\"arn:aws:cloudfront::744043382059:distribution/E1FHRLGHZHXJCZ\"}],\"Version\":\"2012-10-17\"}",
            "policy_id": "ANPA22PDRAUV6Y3XRX4VG",
            "tags": {
              "Environment": "production",
              "ManagedBy": "Terraform",
              "Name": "s3-cf-deploy-static-hosting-bucket-06-37-16-06-2026"
            },
            "tags_all": {
              "Environment": "production",
              "ManagedBy": "Terraform",
              "Name": "s3-cf-deploy-static-hosting-bucket-06-37-16-06-2026"
            }
          },
          "sensitive_attributes": [],
          "identity_schema_version": 0,
          "private": "bnVsbA==",
          "dependencies": [
            "aws_cloudfront_distribution.cdn",
            "aws_cloudfront_origin_access_control.oac",
            "aws_s3_bucket.website",
            "data.aws_cloudfront_cache_policy.caching_optimized"
          ]
        }
      ]
    },
    {
      "mode": "managed",
      "type": "aws_iam_role",
      "name": "github_deploy",
      "provider": "provider[\"registry.terraform.io/hashicorp/aws\"]",
      "instances": [
        {
          "schema_version": 0,
          "attributes": {
            "arn": "arn:aws:iam::744043382059:role/github-actions-deploy-static-hosting-bucket-06-37-16-06-2026",
            "assume_role_policy": "{\"Statement\":[{\"Action\":\"sts:AssumeRoleWithWebIdentity\",\"Condition\":{\"StringEquals\":{\"token.actions.githubusercontent.com:aud\":\"sts.amazonaws.com\"},\"StringLike\":{\"token.actions.githubusercontent.com:sub\":\"repo:thevipul1/static-webhosting:*\"}},\"Effect\":\"Allow\",\"Principal\":{\"Federated\":\"arn:aws:iam::744043382059:oidc-provider/token.actions.githubusercontent.com\"}}],\"Version\":\"2012-10-17\"}",
            "create_date": "2026-06-17T04:45:10Z",
            "description": "",
            "force_detach_policies": false,
            "id": "github-actions-deploy-static-hosting-bucket-06-37-16-06-2026",
            "inline_policy": [],
            "managed_policy_arns": [],
            "max_session_duration": 3600,
            "name": "github-actions-deploy-static-hosting-bucket-06-37-16-06-2026",
            "name_prefix": "",
            "path": "/",
            "permissions_boundary": "",
            "tags": {
              "Environment": "production",
              "ManagedBy": "Terraform",
              "Name": "github-actions-deploy-static-hosting-bucket-06-37-16-06-2026"
            },
            "tags_all": {
              "Environment": "production",
              "ManagedBy": "Terraform",
              "Name": "github-actions-deploy-static-hosting-bucket-06-37-16-06-2026"
            },
            "unique_id": "AROA22PDRAUVU3RXGIFNX"
          },
          "sensitive_attributes": [],
          "identity_schema_version": 0,
          "private": "bnVsbA==",
          "dependencies": [
            "aws_iam_openid_connect_provider.github"
          ]
        }
      ]
    },
    {
      "mode": "managed",
      "type": "aws_iam_role_policy_attachment",
      "name": "deploy",
      "provider": "provider[\"registry.terraform.io/hashicorp/aws\"]",
      "instances": [
        {
          "schema_version": 0,
          "attributes": {
            "id": "github-actions-deploy-static-hosting-bucket-06-37-16-06-2026-20260617044801077700000002",
            "policy_arn": "arn:aws:iam::744043382059:policy/s3-cf-deploy-static-hosting-bucket-06-37-16-06-2026",
            "role": "github-actions-deploy-static-hosting-bucket-06-37-16-06-2026"
          },
          "sensitive_attributes": [],
          "identity_schema_version": 0,
          "private": "bnVsbA==",
          "dependencies": [
            "aws_cloudfront_distribution.cdn",
            "aws_cloudfront_origin_access_control.oac",
            "aws_iam_openid_connect_provider.github",
            "aws_iam_policy.deploy",
            "aws_iam_role.github_deploy",
            "aws_s3_bucket.website",
            "data.aws_cloudfront_cache_policy.caching_optimized"
          ]
        }
      ]
    },
    {
      "mode": "managed",
      "type": "aws_s3_bucket",
      "name": "website",
      "provider": "provider[\"registry.terraform.io/hashicorp/aws\"]",
      "instances": [
        {
          "schema_version": 0,
          "attributes": {
            "acceleration_status": "",
            "acl": null,
            "arn": "arn:aws:s3:::static-hosting-bucket-06-37-16-06-2026",
            "bucket": "static-hosting-bucket-06-37-16-06-2026",
            "bucket_domain_name": "static-hosting-bucket-06-37-16-06-2026.s3.amazonaws.com",
            "bucket_prefix": "",
            "bucket_regional_domain_name": "static-hosting-bucket-06-37-16-06-2026.s3.ap-south-1.amazonaws.com",
            "cors_rule": [],
            "force_destroy": false,
            "grant": [
              {
                "id": "7be6457670991f7960559bce57c23575c1cbc0fda9119727580235b7fba90cc4",
                "permissions": [
                  "FULL_CONTROL"
                ],
                "type": "CanonicalUser",
                "uri": ""
              }
            ],
            "hosted_zone_id": "Z11RGJOFQNVJUP",
            "id": "static-hosting-bucket-06-37-16-06-2026",
            "lifecycle_rule": [],
            "logging": [],
            "object_lock_configuration": [],
            "object_lock_enabled": false,
            "policy": "",
            "region": "ap-south-1",
            "replication_configuration": [],
            "request_payer": "BucketOwner",
            "server_side_encryption_configuration": [
              {
                "rule": [
                  {
                    "apply_server_side_encryption_by_default": [
                      {
                        "kms_master_key_id": "",
                        "sse_algorithm": "AES256"
                      }
                    ],
                    "bucket_key_enabled": false
                  }
                ]
              }
            ],
            "tags": {
              "Environment": "production",
              "ManagedBy": "Terraform",
              "Name": "static-hosting-bucket-06-37-16-06-2026",
              "Project": "static-site-s3-cloudfront"
            },
            "tags_all": {
              "Environment": "production",
              "ManagedBy": "Terraform",
              "Name": "static-hosting-bucket-06-37-16-06-2026",
              "Project": "static-site-s3-cloudfront"
            },
            "timeouts": null,
            "versioning": [
              {
                "enabled": false,
                "mfa_delete": false
              }
            ],
            "website": [],
            "website_domain": null,
            "website_endpoint": null
          },
          "sensitive_attributes": [],
          "identity_schema_version": 0,
          "private": "eyJlMmJmYjczMC1lY2FhLTExZTYtOGY4OC0zNDM2M2JjN2M0YzAiOnsiY3JlYXRlIjoxMjAwMDAwMDAwMDAwLCJkZWxldGUiOjM2MDAwMDAwMDAwMDAsInJlYWQiOjEyMDAwMDAwMDAwMDAsInVwZGF0ZSI6MTIwMDAwMDAwMDAwMH19"
        }
      ]
    },
    {
      "mode": "managed",
      "type": "aws_s3_bucket_policy",
      "name": "policy",
      "provider": "provider[\"registry.terraform.io/hashicorp/aws\"]",
      "instances": [
        {
          "schema_version": 0,
          "attributes": {
            "bucket": "static-hosting-bucket-06-37-16-06-2026",
            "id": "static-hosting-bucket-06-37-16-06-2026",
            "policy": "{\"Statement\":[{\"Action\":\"s3:GetObject\",\"Condition\":{\"StringEquals\":{\"AWS:SourceArn\":\"arn:aws:cloudfront::744043382059:distribution/E1FHRLGHZHXJCZ\"}},\"Effect\":\"Allow\",\"Principal\":{\"Service\":\"cloudfront.amazonaws.com\"},\"Resource\":\"arn:aws:s3:::static-hosting-bucket-06-37-16-06-2026/*\",\"Sid\":\"AllowCloudFrontServicePrincipal\"}],\"Version\":\"2012-10-17\"}"
          },
          "sensitive_attributes": [],
          "identity_schema_version": 0,
          "private": "bnVsbA==",
          "dependencies": [
            "aws_cloudfront_distribution.cdn",
            "aws_cloudfront_origin_access_control.oac",
            "aws_s3_bucket.website",
            "data.aws_cloudfront_cache_policy.caching_optimized",
            "data.aws_iam_policy_document.bucket_policy"
          ]
        }
      ]
    },
    {
      "mode": "managed",
      "type": "aws_s3_bucket_public_access_block",
      "name": "block",
      "provider": "provider[\"registry.terraform.io/hashicorp/aws\"]",
      "instances": [
        {
          "schema_version": 0,
          "attributes": {
            "block_public_acls": true,
            "block_public_policy": true,
            "bucket": "static-hosting-bucket-06-37-16-06-2026",
            "id": "static-hosting-bucket-06-37-16-06-2026",
            "ignore_public_acls": true,
            "restrict_public_buckets": true
          },
          "sensitive_attributes": [],
          "identity_schema_version": 0,
          "private": "bnVsbA==",
          "dependencies": [
            "aws_s3_bucket.website"
          ]
        }
      ]
    },
    {
      "mode": "managed",
      "type": "aws_s3_bucket_server_side_encryption_configuration",
      "name": "encryption",
      "provider": "provider[\"registry.terraform.io/hashicorp/aws\"]",
      "instances": [
        {
          "schema_version": 0,
          "attributes": {
            "bucket": "static-hosting-bucket-06-37-16-06-2026",
            "expected_bucket_owner": "",
            "id": "static-hosting-bucket-06-37-16-06-2026",
            "rule": [
              {
                "apply_server_side_encryption_by_default": [
                  {
                    "kms_master_key_id": "",
                    "sse_algorithm": "AES256"
                  }
                ],
                "bucket_key_enabled": null
              }
            ]
          },
          "sensitive_attributes": [],
          "identity_schema_version": 0,
          "private": "bnVsbA==",
          "dependencies": [
            "aws_s3_bucket.website"
          ]
        }
      ]
    },
    {
      "mode": "managed",
      "type": "aws_s3_bucket_versioning",
      "name": "versioning",
      "provider": "provider[\"registry.terraform.io/hashicorp/aws\"]",
      "instances": [
        {
          "schema_version": 0,
          "attributes": {
            "bucket": "static-hosting-bucket-06-37-16-06-2026",
            "expected_bucket_owner": "",
            "id": "static-hosting-bucket-06-37-16-06-2026",
            "mfa": null,
            "versioning_configuration": [
              {
                "mfa_delete": "",
                "status": "Enabled"
              }
            ]
          },
          "sensitive_attributes": [],
          "identity_schema_version": 0,
          "private": "bnVsbA==",
          "dependencies": [
            "aws_s3_bucket.website"
          ]
        }
      ]
    }
  ],
  "check_results": null
}
